{
  "nodes": {
    "emacs-overlay": {
      "inputs": {
        "flake-utils": "flake-utils",
        "nixpkgs": [
          "nixpkgs"
        ]
      },
      "locked": {
        "lastModified": 1668973951,
        "narHash": "sha256-4KHSC7les2Ex0RmeLmtnK1CpbIeu84jOkDgsZ7QdgEo=",
        "owner": "nix-community",
        "repo": "emacs-overlay",
        "rev": "721aa34f1468f13b664c5f42aed1e4a560c2801c",
        "type": "github"
      },
      "original": {
        "owner": "nix-community",
        "repo": "emacs-overlay",
        "type": "github"
      }
    },
    "flake-utils": {
      "locked": {
        "lastModified": 1667395993,
        "narHash": "sha256-nuEHfE/LcWyuSWnS8t12N1wc105Qtau+/OdUAjtQ0rA=",
        "owner": "numtide",
        "repo": "flake-utils",
        "rev": "5aed5285a952e0b949eb3ba02c12fa4fcfef535f",
        "type": "github"
      },
      "original": {
        "owner": "numtide",
        "repo": "flake-utils",
        "type": "github"
      }
    },
    "home-manager": {
      "inputs": {
        "nixpkgs": [
          "nixpkgs"
        ],
        "utils": "utils"
      },
      "locked": {
        "lastModified": 1668900402,
        "narHash": "sha256-IhVlueHoQNoN0SOHZIceKU3LyEL00g2ei0aUlaNypbQ=",
        "owner": "nix-community",
        "repo": "home-manager",
        "rev": "c0f9cbcf93ca22e4f0ca66843be61a4bdf6f0a44",
        "type": "github"
      },
      "original": {
        "owner": "nix-community",
        "repo": "home-manager",
        "type": "github"
      }
    },
    "nixos-hardware": {
      "locked": {
        "lastModified": 1668973873,
        "narHash": "sha256-DnTrRduUIRgsCBruvUXsaBw2G46JNq6/DtrM5R7VrRc=",
        "owner": "nixos",
        "repo": "nixos-hardware",
        "rev": "1108c1b8614017c8b52005054fd27a00e4feb51b",
        "type": "github"
      },
      "original": {
        "owner": "nixos",
        "ref": "master",
        "repo": "nixos-hardware",
        "type": "github"
      }
    },
    "nixpkgs": {
      "locked": {
        "lastModified": 1668905981,
        "narHash": "sha256-RBQa/+9Uk1eFTqIOXBSBezlEbA3v5OkgP+qptQs1OxY=",
        "owner": "nixos",
        "repo": "nixpkgs",
        "rev": "690ffff026b4e635b46f69002c0f4e81c65dfc2e",
        "type": "github"
      },
      "original": {
        "owner": "nixos",
        "ref": "nixos-unstable",
        "repo": "nixpkgs",
        "type": "github"
      }
    },
    "root": {
      "inputs": {
        "emacs-overlay": "emacs-overlay",
        "home-manager": "home-manager",
        "nixos-hardware": "nixos-hardware",
        "nixpkgs": "nixpkgs"
      }
    },
    "utils": {
      "locked": {
        "lastModified": 1667395993,
        "narHash": "sha256-nuEHfE/LcWyuSWnS8t12N1wc105Qtau+/OdUAjtQ0rA=",
        "owner": "numtide",
        "repo": "flake-utils",
        "rev": "5aed5285a952e0b949eb3ba02c12fa4fcfef535f",
        "type": "github"
      },
      "original": {
        "owner": "numtide",
        "repo": "flake-utils",
        "type": "github"
      }
    }
  },
  "root": "root",
  "version": 7
}
