{
  "nodes": {
    "emacs-overlay": {
      "locked": {
        "lastModified": 1640400126,
        "narHash": "sha256-h09VyTfyvWBrPkzMgpYLRTdgmsMmE3CGrT5JwMgszv4=",
        "owner": "nix-community",
        "repo": "emacs-overlay",
        "rev": "7362a2cf7a7ca940d5a78e99d112ac25fcc5aeb9",
        "type": "github"
      },
      "original": {
        "owner": "nix-community",
        "repo": "emacs-overlay",
        "type": "github"
      }
    },
    "home-manager": {
      "inputs": {
        "nixpkgs": [
          "nixpkgs"
        ]
      },
      "locked": {
        "lastModified": 1640296835,
        "narHash": "sha256-G1AhaAK7YFy7MmHCCHrB7uNAvQVYGYKSjNTzn2VK+3s=",
        "owner": "nix-community",
        "repo": "home-manager",
        "rev": "3b5ebdefd8705ca177855ffaee89fbee1a3017f9",
        "type": "github"
      },
      "original": {
        "owner": "nix-community",
        "repo": "home-manager",
        "type": "github"
      }
    },
    "nixos-hardware": {
      "locked": {
        "lastModified": 1639986101,
        "narHash": "sha256-Ow0+pkY7qMw6lMAvR1mEdUT9svJnrkbaRoqp4bkMTpg=",
        "owner": "nixos",
        "repo": "nixos-hardware",
        "rev": "3f92db38374b2977aea8daf4c4fe2fa0eddbd60c",
        "type": "github"
      },
      "original": {
        "owner": "nixos",
        "ref": "master",
        "repo": "nixos-hardware",
        "type": "github"
      }
    },
    "nixpkgs": {
      "locked": {
        "lastModified": 1640319671,
        "narHash": "sha256-ZkKmakwaOaLiZOpIZWbeJZwap5CzJ30s4UJTfydYIYc=",
        "owner": "nixos",
        "repo": "nixpkgs",
        "rev": "eac07edbd20ed4908b98790ba299250b5527ecdf",
        "type": "github"
      },
      "original": {
        "owner": "nixos",
        "ref": "nixos-unstable",
        "repo": "nixpkgs",
        "type": "github"
      }
    },
    "root": {
      "inputs": {
        "emacs-overlay": "emacs-overlay",
        "home-manager": "home-manager",
        "nixos-hardware": "nixos-hardware",
        "nixpkgs": "nixpkgs"
      }
    }
  },
  "root": "root",
  "version": 7
}
